// !$*UTF8*$!
{
	archiveVersion = 1;
	classes = {
	};
	objectVersion = 55;
	objects = {

/* Begin PBXBuildFile section */
		97BFFDEA282006CD00F6E3BD /* CopyCatApp.swift in Sources */ = {isa = PBXBuildFile; fileRef = 97BFFDE9282006CD00F6E3BD /* CopyCatApp.swift */; };
		97BFFDEC282006CD00F6E3BD /* ContentView.swift in Sources */ = {isa = PBXBuildFile; fileRef = 97BFFDEB282006CD00F6E3BD /* ContentView.swift */; };
		97BFFDEE282006CF00F6E3BD /* Assets.xcassets in Resources */ = {isa = PBXBuildFile; fileRef = 97BFFDED282006CF00F6E3BD /* Assets.xcassets */; };
		97BFFDF1282006CF00F6E3BD /* Preview Assets.xcassets in Resources */ = {isa = PBXBuildFile; fileRef = 97BFFDF0282006CF00F6E3BD /* Preview Assets.xcassets */; };
		97BFFDFB2820077F00F6E3BD /* StatusBarViewModel.swift in Sources */ = {isa = PBXBuildFile; fileRef = 97BFFDFA2820077F00F6E3BD /* StatusBarViewModel.swift */; };
		97BFFDFD28200D6300F6E3BD /* AppDelegate.swift in Sources */ = {isa = PBXBuildFile; fileRef = 97BFFDFC28200D6300F6E3BD /* AppDelegate.swift */; };
/* End PBXBuildFile section */

/* Begin PBXFileReference section */
		97BFFDE6282006CD00F6E3BD /* CopyCat.app */ = {isa = PBXFileReference; explicitFileType = wrapper.application; includeInIndex = 0; path = CopyCat.app; sourceTree = BUILT_PRODUCTS_DIR; };
		97BFFDE9282006CD00F6E3BD /* CopyCatApp.swift */ = {isa = PBXFileReference; lastKnownFileType = sourcecode.swift; path = CopyCatApp.swift; sourceTree = "<group>"; };
		97BFFDEB282006CD00F6E3BD /* ContentView.swift */ = {isa = PBXFileReference; lastKnownFileType = sourcecode.swift; path = ContentView.swift; sourceTree = "<group>"; };
		97BFFDED282006CF00F6E3BD /* Assets.xcassets */ = {isa = PBXFileReference; lastKnownFileType = folder.assetcatalog; path = Assets.xcassets; sourceTree = "<group>"; };
		97BFFDF0282006CF00F6E3BD /* Preview Assets.xcassets */ = {isa = PBXFileReference; lastKnownFileType = folder.assetcatalog; path = "Preview Assets.xcassets"; sourceTree = "<group>"; };
		97BFFDF2282006CF00F6E3BD /* CopyCat.entitlements */ = {isa = PBXFileReference; lastKnownFileType = text.plist.entitlements; path = CopyCat.entitlements; sourceTree = "<group>"; };
		97BFFDFA2820077F00F6E3BD /* StatusBarViewModel.swift */ = {isa = PBXFileReference; lastKnownFileType = sourcecode.swift; path = StatusBarViewModel.swift; sourceTree = "<group>"; };
		97BFFDFC28200D6300F6E3BD /* AppDelegate.swift */ = {isa = PBXFileReference; lastKnownFileType = sourcecode.swift; path = AppDelegate.swift; sourceTree = "<group>"; };
		97BFFDFE282017F000F6E3BD /* Info.plist */ = {isa = PBXFileReference; lastKnownFileType = text.plist; path = Info.plist; sourceTree = "<group>"; };
/* End PBXFileReference section */

/* Begin PBXFrameworksBuildPhase section */
		97BFFDE3282006CD00F6E3BD /* Frameworks */ = {
			isa = PBXFrameworksBuildPhase;
			buildActionMask = 2147483647;
			files = (
			);
			runOnlyForDeploymentPostprocessing = 0;
		};
/* End PBXFrameworksBuildPhase section */

/* Begin PBXGroup section */
		97BFFDDD282006CD00F6E3BD = {
			isa = PBXGroup;
			children = (
				97BFFDE8282006CD00F6E3BD /* CopyCat */,
				97BFFDE7282006CD00F6E3BD /* Products */,
			);
			sourceTree = "<group>";
		};
		97BFFDE7282006CD00F6E3BD /* Products */ = {
			isa = PBXGroup;
			children = (
				97BFFDE6282006CD00F6E3BD /* CopyCat.app */,
			);
			name = Products;
			sourceTree = "<group>";
		};
		97BFFDE8282006CD00F6E3BD /* CopyCat */ = {
			isa = PBXGroup;
			children = (
				97BFFDFE282017F000F6E3BD /* Info.plist */,
				97BFFDFC28200D6300F6E3BD /* AppDelegate.swift */,
				97BFFDF92820076000F6E3BD /* ViewModels */,
				97BFFDF82820075200F6E3BD /* Views */,
				97BFFDE9282006CD00F6E3BD /* CopyCatApp.swift */,
				97BFFDEB282006CD00F6E3BD /* ContentView.swift */,
				97BFFDED282006CF00F6E3BD /* Assets.xcassets */,
				97BFFDF2282006CF00F6E3BD /* CopyCat.entitlements */,
				97BFFDEF282006CF00F6E3BD /* Preview Content */,
			);
			path = CopyCat;
			sourceTree = "<group>";
		};
		97BFFDEF282006CF00F6E3BD /* Preview Content */ = {
			isa = PBXGroup;
			children = (
				97BFFDF0282006CF00F6E3BD /* Preview Assets.xcassets */,
			);
			path = "Preview Content";
			sourceTree = "<group>";
		};
		97BFFDF82820075200F6E3BD /* Views */ = {
			isa = PBXGroup;
			children = (
			);
			path = Views;
			sourceTree = "<group>";
		};
		97BFFDF92820076000F6E3BD /* ViewModels */ = {
			isa = PBXGroup;
			children = (
				97BFFDFA2820077F00F6E3BD /* StatusBarViewModel.swift */,
			);
			path = ViewModels;
			sourceTree = "<group>";
		};
/* End PBXGroup section */

/* Begin PBXNativeTarget section */
		97BFFDE5282006CD00F6E3BD /* CopyCat */ = {
			isa = PBXNativeTarget;
			buildConfigurationList = 97BFFDF5282006CF00F6E3BD /* Build configuration list for PBXNativeTarget "CopyCat" */;
			buildPhases = (
				97BFFDE2282006CD00F6E3BD /* Sources */,
				97BFFDE3282006CD00F6E3BD /* Frameworks */,
				97BFFDE4282006CD00F6E3BD /* Resources */,
			);
			buildRules = (
			);
			dependencies = (
			);
			name = CopyCat;
			productName = CopyCat;
			productReference = 97BFFDE6282006CD00F6E3BD /* CopyCat.app */;
			productType = "com.apple.product-type.application";
		};
/* End PBXNativeTarget section */

/* Begin PBXProject section */
		97BFFDDE282006CD00F6E3BD /* Project object */ = {
			isa = PBXProject;
			attributes = {
				BuildIndependentTargetsInParallel = 1;
				LastSwiftUpdateCheck = 1330;
				LastUpgradeCheck = 1330;
				TargetAttributes = {
					97BFFDE5282006CD00F6E3BD = {
						CreatedOnToolsVersion = 13.3.1;
					};
				};
			};
			buildConfigurationList = 97BFFDE1282006CD00F6E3BD /* Build configuration list for PBXProject "CopyCat" */;
			compatibilityVersion = "Xcode 13.0";
			developmentRegion = en;
			hasScannedForEncodings = 0;
			knownRegions = (
				en,
				Base,
			);
			mainGroup = 97BFFDDD282006CD00F6E3BD;
			productRefGroup = 97BFFDE7282006CD00F6E3BD /* Products */;
			projectDirPath = "";
			projectRoot = "";
			targets = (
				97BFFDE5282006CD00F6E3BD /* CopyCat */,
			);
		};
/* End PBXProject section */

/* Begin PBXResourcesBuildPhase section */
		97BFFDE4282006CD00F6E3BD /* Resources */ = {
			isa = PBXResourcesBuildPhase;
			buildActionMask = 2147483647;
			files = (
				97BFFDF1282006CF00F6E3BD /* Preview Assets.xcassets in Resources */,
				97BFFDEE282006CF00F6E3BD /* Assets.xcassets in Resources */,
			);
			runOnlyForDeploymentPostprocessing = 0;
		};
/* End PBXResourcesBuildPhase section */

/* Begin PBXSourcesBuildPhase section */
		97BFFDE2282006CD00F6E3BD /* Sources */ = {
			isa = PBXSourcesBuildPhase;
			buildActionMask = 2147483647;
			files = (
				97BFFDFD28200D6300F6E3BD /* AppDelegate.swift in Sources */,
				97BFFDEC282006CD00F6E3BD /* ContentView.swift in Sources */,
				97BFFDFB2820077F00F6E3BD /* StatusBarViewModel.swift in Sources */,
				97BFFDEA282006CD00F6E3BD /* CopyCatApp.swift in Sources */,
			);
			runOnlyForDeploymentPostprocessing = 0;
		};
/* End PBXSourcesBuildPhase section */

/* Begin XCBuildConfiguration section */
		97BFFDF3282006CF00F6E3BD /* Debug */ = {
			isa = XCBuildConfiguration;
			buildSettings = {
				ALWAYS_SEARCH_USER_PATHS = NO;
				CLANG_ANALYZER_NONNULL = YES;
				CLANG_ANALYZER_NUMBER_OBJECT_CONVERSION = YES_AGGRESSIVE;
				CLANG_CXX_LANGUAGE_STANDARD = "gnu++17";
				CLANG_ENABLE_MODULES = YES;
				CLANG_ENABLE_OBJC_ARC = YES;
				CLANG_ENABLE_OBJC_WEAK = YES;
				CLANG_WARN_BLOCK_CAPTURE_AUTORELEASING = YES;
				CLANG_WARN_BOOL_CONVERSION = YES;
				CLANG_WARN_COMMA = YES;
				CLANG_WARN_CONSTANT_CONVERSION = YES;
				CLANG_WARN_DEPRECATED_OBJC_IMPLEMENTATIONS = YES;
				CLANG_WARN_DIRECT_OBJC_ISA_USAGE = YES_ERROR;
				CLANG_WARN_DOCUMENTATION_COMMENTS = YES;
				CLANG_WARN_EMPTY_BODY = YES;
				CLANG_WARN_ENUM_CONVERSION = YES;
				CLANG_WARN_INFINITE_RECURSION = YES;
				CLANG_WARN_INT_CONVERSION = YES;
				CLANG_WARN_NON_LITERAL_NULL_CONVERSION = YES;
				CLANG_WARN_OBJC_IMPLICIT_RETAIN_SELF = YES;
				CLANG_WARN_OBJC_LITERAL_CONVERSION = YES;
				CLANG_WARN_OBJC_ROOT_CLASS = YES_ERROR;
				CLANG_WARN_QUOTED_INCLUDE_IN_FRAMEWORK_HEADER = YES;
				CLANG_WARN_RANGE_LOOP_ANALYSIS = YES;
				CLANG_WARN_STRICT_PROTOTYPES = YES;
				CLANG_WARN_SUSPICIOUS_MOVE = YES;
				CLANG_WARN_UNGUARDED_AVAILABILITY = YES_AGGRESSIVE;
				CLANG_WARN_UNREACHABLE_CODE = YES;
				CLANG_WARN__DUPLICATE_METHOD_MATCH = YES;
				COPY_PHASE_STRIP = NO;
				DEBUG_INFORMATION_FORMAT = dwarf;
				ENABLE_STRICT_OBJC_MSGSEND = YES;
				ENABLE_TESTABILITY = YES;
				GCC_C_LANGUAGE_STANDARD = gnu11;
				GCC_DYNAMIC_NO_PIC = NO;
				GCC_NO_COMMON_BLOCKS = YES;
				GCC_OPTIMIZATION_LEVEL = 0;
				GCC_PREPROCESSOR_DEFINITIONS = (
					"DEBUG=1",
					"$(inherited)",
				);
				GCC_WARN_64_TO_32_BIT_CONVERSION = YES;
				GCC_WARN_ABOUT_RETURN_TYPE = YES_ERROR;
				GCC_WARN_UNDECLARED_SELECTOR = YES;
				GCC_WARN_UNINITIALIZED_AUTOS = YES_AGGRESSIVE;
				GCC_WARN_UNUSED_FUNCTION = YES;
				GCC_WARN_UNUSED_VARIABLE = YES;
				MACOSX_DEPLOYMENT_TARGET = 12.3;
				MTL_ENABLE_DEBUG_INFO = INCLUDE_SOURCE;
				MTL_FAST_MATH = YES;
				ONLY_ACTIVE_ARCH = YES;
				SDKROOT = macosx;
				SWIFT_ACTIVE_COMPILATION_CONDITIONS = DEBUG;
				SWIFT_OPTIMIZATION_LEVEL = "-Onone";
			};
			name = Debug;
		};
		97BFFDF4282006CF00F6E3BD /* Release */ = {
			isa = XCBuildConfiguration;
			buildSettings = {
				ALWAYS_SEARCH_USER_PATHS = NO;
				CLANG_ANALYZER_NONNULL = YES;
				CLANG_ANALYZER_NUMBER_OBJECT_CONVERSION = YES_AGGRESSIVE;
				CLANG_CXX_LANGUAGE_STANDARD = "gnu++17";
				CLANG_ENABLE_MODULES = YES;
				CLANG_ENABLE_OBJC_ARC = YES;
				CLANG_ENABLE_OBJC_WEAK = YES;
				CLANG_WARN_BLOCK_CAPTURE_AUTORELEASING = YES;
				CLANG_WARN_BOOL_CONVERSION = YES;
				CLANG_WARN_COMMA = YES;
				CLANG_WARN_CONSTANT_CONVERSION = YES;
				CLANG_WARN_DEPRECATED_OBJC_IMPLEMENTATIONS = YES;
				CLANG_WARN_DIRECT_OBJC_ISA_USAGE = YES_ERROR;
				CLANG_WARN_DOCUMENTATION_COMMENTS = YES;
				CLANG_WARN_EMPTY_BODY = YES;
				CLANG_WARN_ENUM_CONVERSION = YES;
				CLANG_WARN_INFINITE_RECURSION = YES;
				CLANG_WARN_INT_CONVERSION = YES;
				CLANG_WARN_NON_LITERAL_NULL_CONVERSION = YES;
				CLANG_WARN_OBJC_IMPLICIT_RETAIN_SELF = YES;
				CLANG_WARN_OBJC_LITERAL_CONVERSION = YES;
				CLANG_WARN_OBJC_ROOT_CLASS = YES_ERROR;
				CLANG_WARN_QUOTED_INCLUDE_IN_FRAMEWORK_HEADER = YES;
				CLANG_WARN_RANGE_LOOP_ANALYSIS = YES;
				CLANG_WARN_STRICT_PROTOTYPES = YES;
				CLANG_WARN_SUSPICIOUS_MOVE = YES;
				CLANG_WARN_UNGUARDED_AVAILABILITY = YES_AGGRESSIVE;
				CLANG_WARN_UNREACHABLE_CODE = YES;
				CLANG_WARN__DUPLICATE_METHOD_MATCH = YES;
				COPY_PHASE_STRIP = NO;
				DEBUG_INFORMATION_FORMAT = "dwarf-with-dsym";
				ENABLE_NS_ASSERTIONS = NO;
				ENABLE_STRICT_OBJC_MSGSEND = YES;
				GCC_C_LANGUAGE_STANDARD = gnu11;
				GCC_NO_COMMON_BLOCKS = YES;
				GCC_WARN_64_TO_32_BIT_CONVERSION = YES;
				GCC_WARN_ABOUT_RETURN_TYPE = YES_ERROR;
				GCC_WARN_UNDECLARED_SELECTOR = YES;
				GCC_WARN_UNINITIALIZED_AUTOS = YES_AGGRESSIVE;
				GCC_WARN_UNUSED_FUNCTION = YES;
				GCC_WARN_UNUSED_VARIABLE = YES;
				MACOSX_DEPLOYMENT_TARGET = 12.3;
				MTL_ENABLE_DEBUG_INFO = NO;
				MTL_FAST_MATH = YES;
				SDKROOT = macosx;
				SWIFT_COMPILATION_MODE = wholemodule;
				SWIFT_OPTIMIZATION_LEVEL = "-O";
			};
			name = Release;
		};
		97BFFDF6282006CF00F6E3BD /* Debug */ = {
			isa = XCBuildConfiguration;
			buildSettings = {
				ASSETCATALOG_COMPILER_APPICON_NAME = AppIcon;
				ASSETCATALOG_COMPILER_GLOBAL_ACCENT_COLOR_NAME = AccentColor;
				CODE_SIGN_ENTITLEMENTS = CopyCat/CopyCat.entitlements;
				CODE_SIGN_STYLE = Automatic;
				COMBINE_HIDPI_IMAGES = YES;
				CURRENT_PROJECT_VERSION = 1;
				DEVELOPMENT_ASSET_PATHS = "\"CopyCat/Preview Content\"";
				DEVELOPMENT_TEAM = R3K2497LK5;
				ENABLE_HARDENED_RUNTIME = YES;
				ENABLE_PREVIEWS = YES;
				GENERATE_INFOPLIST_FILE = YES;
				INFOPLIST_FILE = CopyCat/Info.plist;
				INFOPLIST_KEY_NSHumanReadableCopyright = "";
				LD_RUNPATH_SEARCH_PATHS = (
					"$(inherited)",
					"@executable_path/../Frameworks",
				);
				MARKETING_VERSION = 1.0;
				PRODUCT_BUNDLE_IDENTIFIER = com.DavidAgyakwa.CopyCat;
				PRODUCT_NAME = "$(TARGET_NAME)";
				SWIFT_EMIT_LOC_STRINGS = YES;
				SWIFT_VERSION = 5.0;
			};
			name = Debug;
		};
		97BFFDF7282006CF00F6E3BD /* Release */ = {
			isa = XCBuildConfiguration;
			buildSettings = {
				ASSETCATALOG_COMPILER_APPICON_NAME = AppIcon;
				ASSETCATALOG_COMPILER_GLOBAL_ACCENT_COLOR_NAME = AccentColor;
				CODE_SIGN_ENTITLEMENTS = CopyCat/CopyCat.entitlements;
				CODE_SIGN_STYLE = Automatic;
				COMBINE_HIDPI_IMAGES = YES;
				CURRENT_PROJECT_VERSION = 1;
				DEVELOPMENT_ASSET_PATHS = "\"CopyCat/Preview Content\"";
				DEVELOPMENT_TEAM = R3K2497LK5;
				ENABLE_HARDENED_RUNTIME = YES;
				ENABLE_PREVIEWS = YES;
				GENERATE_INFOPLIST_FILE = YES;
				INFOPLIST_FILE = CopyCat/Info.plist;
				INFOPLIST_KEY_NSHumanReadableCopyright = "";
				LD_RUNPATH_SEARCH_PATHS = (
					"$(inherited)",
					"@executable_path/../Frameworks",
				);
				MARKETING_VERSION = 1.0;
				PRODUCT_BUNDLE_IDENTIFIER = com.DavidAgyakwa.CopyCat;
				PRODUCT_NAME = "$(TARGET_NAME)";
				SWIFT_EMIT_LOC_STRINGS = YES;
				SWIFT_VERSION = 5.0;
			};
			name = Release;
		};
/* End XCBuildConfiguration section */

/* Begin XCConfigurationList section */
		97BFFDE1282006CD00F6E3BD /* Build configuration list for PBXProject "CopyCat" */ = {
			isa = XCConfigurationList;
			buildConfigurations = (
				97BFFDF3282006CF00F6E3BD /* Debug */,
				97BFFDF4282006CF00F6E3BD /* Release */,
			);
			defaultConfigurationIsVisible = 0;
			defaultConfigurationName = Release;
		};
		97BFFDF5282006CF00F6E3BD /* Build configuration list for PBXNativeTarget "CopyCat" */ = {
			isa = XCConfigurationList;
			buildConfigurations = (
				97BFFDF6282006CF00F6E3BD /* Debug */,
				97BFFDF7282006CF00F6E3BD /* Release */,
			);
			defaultConfigurationIsVisible = 0;
			defaultConfigurationName = Release;
		};
/* End XCConfigurationList section */
	};
	rootObject = 97BFFDDE282006CD00F6E3BD /* Project object */;
}
